
Microsoft Visual Studio Solution File, Format Version 12.00
# Visual Studio Version 16
VisualStudioVersion = 16.0.31911.196
MinimumVisualStudioVersion = 10.0.40219.1
Project("{9A19103F-16F7-4668-BE54-9A1E7A4F7556}") = "TrainingProgram", "TrainingProgram\TrainingProgram.csproj", "{974D8473-837C-472C-9528-E410993008EF}"
EndProject
Project("{FAE04EC0-301F-11D3-BF4B-00C04F79EFBC}") = "LoggerService", "LoggerService\LoggerService.csproj", "{443927A8-2B19-4662-AAC9-E4E81F7A8831}"
EndProject
Project("{FAE04EC0-301F-11D3-BF4B-00C04F79EFBC}") = "Contracts", "Contracts\Contracts.csproj", "{2B3F5D8A-59FA-4BCD-A5EF-7998D17E40DD}"
EndProject
Global
	GlobalSection(SolutionConfigurationPlatforms) = preSolution
		Debug|Any CPU = Debug|Any CPU
		Release|Any CPU = Release|Any CPU
	EndGlobalSection
	GlobalSection(ProjectConfigurationPlatforms) = postSolution
		{974D8473-837C-472C-9528-E410993008EF}.Debug|Any CPU.ActiveCfg = Debug|Any CPU
		{974D8473-837C-472C-9528-E410993008EF}.Debug|Any CPU.Build.0 = Debug|Any CPU
		{974D8473-837C-472C-9528-E410993008EF}.Release|Any CPU.ActiveCfg = Release|Any CPU
		{974D8473-837C-472C-9528-E410993008EF}.Release|Any CPU.Build.0 = Release|Any CPU
		{443927A8-2B19-4662-AAC9-E4E81F7A8831}.Debug|Any CPU.ActiveCfg = Debug|Any CPU
		{443927A8-2B19-4662-AAC9-E4E81F7A8831}.Debug|Any CPU.Build.0 = Debug|Any CPU
		{443927A8-2B19-4662-AAC9-E4E81F7A8831}.Release|Any CPU.ActiveCfg = Release|Any CPU
		{443927A8-2B19-4662-AAC9-E4E81F7A8831}.Release|Any CPU.Build.0 = Release|Any CPU
		{2B3F5D8A-59FA-4BCD-A5EF-7998D17E40DD}.Debug|Any CPU.ActiveCfg = Debug|Any CPU
		{2B3F5D8A-59FA-4BCD-A5EF-7998D17E40DD}.Debug|Any CPU.Build.0 = Debug|Any CPU
		{2B3F5D8A-59FA-4BCD-A5EF-7998D17E40DD}.Release|Any CPU.ActiveCfg = Release|Any CPU
		{2B3F5D8A-59FA-4BCD-A5EF-7998D17E40DD}.Release|Any CPU.Build.0 = Release|Any CPU
	EndGlobalSection
	GlobalSection(SolutionProperties) = preSolution
		HideSolutionNode = FALSE
	EndGlobalSection
	GlobalSection(ExtensibilityGlobals) = postSolution
		SolutionGuid = {4DCE46B4-3449-42F7-BD48-EEFE94A93295}
	EndGlobalSection
EndGlobal
